
Microsoft Visual Studio Solution File, Format Version 12.00
# Visual Studio Version 17
VisualStudioVersion = 17.14.36310.24
MinimumVisualStudioVersion = 10.0.40219.1
Project("{FAE04EC0-301F-11D3-BF4B-00C04F79EFBC}") = "SIMS.Domain", "SIMS.Domain\SIMS.Domain.csproj", "{4E8B0F74-8E64-4F32-8632-BA82BC13590A}"
EndProject
Project("{FAE04EC0-301F-11D3-BF4B-00C04F79EFBC}") = "SIMS.Application", "SIMS.Application\SIMS.Application.csproj", "{8811AF7C-3486-DB2F-B6BF-723030374681}"
EndProject
Project("{FAE04EC0-301F-11D3-BF4B-00C04F79EFBC}") = "SIMS.Infrastructure", "SIMS.Infrastructure\SIMS.Infrastructure.csproj", "{96169334-69C5-29B3-E377-BD2FEFC3613A}"
EndProject
Project("{FAE04EC0-301F-11D3-BF4B-00C04F79EFBC}") = "SIMS.WebApp", "SIMS.WebApp\SIMS.WebApp.csproj", "{662C8017-8C1C-C6CC-47B4-8EC5CEA67606}"
EndProject
Project("{FAE04EC0-301F-11D3-BF4B-00C04F79EFBC}") = "SIMS.UnitTests", "SIMS.UnitTests\SIMS.UnitTests.csproj", "{39E6C964-6F09-4755-8064-356AB7AC35E9}"
EndProject
Project("{FAE04EC0-301F-11D3-BF4B-00C04F79EFBC}") = "SIMS.UnitTests2", "SIMS.UnitTests2\SIMS.UnitTests2.csproj", "{C6E6F795-A212-44CB-AA93-15CEC07CE61B}"
EndProject
Project("{FAE04EC0-301F-11D3-BF4B-00C04F79EFBC}") = "SIMS.UnitTests3", "SIMS.UnitTests3\SIMS.UnitTests3.csproj", "{DCAF20AE-4EE5-4431-B751-AC85D4130615}"
EndProject
Global
	GlobalSection(SolutionConfigurationPlatforms) = preSolution
		Debug|Any CPU = Debug|Any CPU
		Release|Any CPU = Release|Any CPU
	EndGlobalSection
	GlobalSection(ProjectConfigurationPlatforms) = postSolution
		{4E8B0F74-8E64-4F32-8632-BA82BC13590A}.Debug|Any CPU.ActiveCfg = Debug|Any CPU
		{4E8B0F74-8E64-4F32-8632-BA82BC13590A}.Debug|Any CPU.Build.0 = Debug|Any CPU
		{4E8B0F74-8E64-4F32-8632-BA82BC13590A}.Release|Any CPU.ActiveCfg = Release|Any CPU
		{4E8B0F74-8E64-4F32-8632-BA82BC13590A}.Release|Any CPU.Build.0 = Release|Any CPU
		{8811AF7C-3486-DB2F-B6BF-723030374681}.Debug|Any CPU.ActiveCfg = Debug|Any CPU
		{8811AF7C-3486-DB2F-B6BF-723030374681}.Debug|Any CPU.Build.0 = Debug|Any CPU
		{8811AF7C-3486-DB2F-B6BF-723030374681}.Release|Any CPU.ActiveCfg = Release|Any CPU
		{8811AF7C-3486-DB2F-B6BF-723030374681}.Release|Any CPU.Build.0 = Release|Any CPU
		{96169334-69C5-29B3-E377-BD2FEFC3613A}.Debug|Any CPU.ActiveCfg = Debug|Any CPU
		{96169334-69C5-29B3-E377-BD2FEFC3613A}.Debug|Any CPU.Build.0 = Debug|Any CPU
		{96169334-69C5-29B3-E377-BD2FEFC3613A}.Release|Any CPU.ActiveCfg = Release|Any CPU
		{96169334-69C5-29B3-E377-BD2FEFC3613A}.Release|Any CPU.Build.0 = Release|Any CPU
		{662C8017-8C1C-C6CC-47B4-8EC5CEA67606}.Debug|Any CPU.ActiveCfg = Debug|Any CPU
		{662C8017-8C1C-C6CC-47B4-8EC5CEA67606}.Debug|Any CPU.Build.0 = Debug|Any CPU
		{662C8017-8C1C-C6CC-47B4-8EC5CEA67606}.Release|Any CPU.ActiveCfg = Release|Any CPU
		{662C8017-8C1C-C6CC-47B4-8EC5CEA67606}.Release|Any CPU.Build.0 = Release|Any CPU
		{39E6C964-6F09-4755-8064-356AB7AC35E9}.Debug|Any CPU.ActiveCfg = Debug|Any CPU
		{39E6C964-6F09-4755-8064-356AB7AC35E9}.Debug|Any CPU.Build.0 = Debug|Any CPU
		{39E6C964-6F09-4755-8064-356AB7AC35E9}.Release|Any CPU.ActiveCfg = Release|Any CPU
		{39E6C964-6F09-4755-8064-356AB7AC35E9}.Release|Any CPU.Build.0 = Release|Any CPU
		{C6E6F795-A212-44CB-AA93-15CEC07CE61B}.Debug|Any CPU.ActiveCfg = Debug|Any CPU
		{C6E6F795-A212-44CB-AA93-15CEC07CE61B}.Debug|Any CPU.Build.0 = Debug|Any CPU
		{C6E6F795-A212-44CB-AA93-15CEC07CE61B}.Release|Any CPU.ActiveCfg = Release|Any CPU
		{C6E6F795-A212-44CB-AA93-15CEC07CE61B}.Release|Any CPU.Build.0 = Release|Any CPU
		{DCAF20AE-4EE5-4431-B751-AC85D4130615}.Debug|Any CPU.ActiveCfg = Debug|Any CPU
		{DCAF20AE-4EE5-4431-B751-AC85D4130615}.Debug|Any CPU.Build.0 = Debug|Any CPU
		{DCAF20AE-4EE5-4431-B751-AC85D4130615}.Release|Any CPU.ActiveCfg = Release|Any CPU
		{DCAF20AE-4EE5-4431-B751-AC85D4130615}.Release|Any CPU.Build.0 = Release|Any CPU
	EndGlobalSection
	GlobalSection(SolutionProperties) = preSolution
		HideSolutionNode = FALSE
	EndGlobalSection
	GlobalSection(ExtensibilityGlobals) = postSolution
		SolutionGuid = {DF057BF1-BF2E-427F-9AB5-E7DFDCC78A8C}
	EndGlobalSection
EndGlobal
